// !$*UTF8*$!
{
	archiveVersion = 1;
	classes = {
	};
	objectVersion = 46;
	objects = {

/* Begin PBXBuildFile section */
		0FD66AD31C60331B00AEBA6A /* AppDelegate.swift in Sources */ = {isa = PBXBuildFile; fileRef = 0FD66AD21C60331B00AEBA6A /* AppDelegate.swift */; };
		0FD66AD51C60331B00AEBA6A /* ViewController.swift in Sources */ = {isa = PBXBuildFile; fileRef = 0FD66AD41C60331B00AEBA6A /* ViewController.swift */; };
		0FD66AD81C60331B00AEBA6A /* Main.storyboard in Resources */ = {isa = PBXBuildFile; fileRef = 0FD66AD61C60331B00AEBA6A /* Main.storyboard */; };
		0FD66ADA1C60331B00AEBA6A /* Assets.xcassets in Resources */ = {isa = PBXBuildFile; fileRef = 0FD66AD91C60331B00AEBA6A /* Assets.xcassets */; };
		0FD66ADD1C60331B00AEBA6A /* LaunchScreen.storyboard in Resources */ = {isa = PBXBuildFile; fileRef = 0FD66ADB1C60331B00AEBA6A /* LaunchScreen.storyboard */; };
		0FD66AE81C60331B00AEBA6A /* swiftPracTests.swift in Sources */ = {isa = PBXBuildFile; fileRef = 0FD66AE71C60331B00AEBA6A /* swiftPracTests.swift */; };
		0FD66AF31C60331B00AEBA6A /* swiftPracUITests.swift in Sources */ = {isa = PBXBuildFile; fileRef = 0FD66AF21C60331B00AEBA6A /* swiftPracUITests.swift */; };
		0FD66B011C60336D00AEBA6A /* helloWorld.swift in Sources */ = {isa = PBXBuildFile; fileRef = 0FD66B001C60336D00AEBA6A /* helloWorld.swift */; };
/* End PBXBuildFile section */

/* Begin PBXContainerItemProxy section */
		0FD66AE41C60331B00AEBA6A /* PBXContainerItemProxy */ = {
			isa = PBXContainerItemProxy;
			containerPortal = 0FD66AC71C60331B00AEBA6A /* Project object */;
			proxyType = 1;
			remoteGlobalIDString = 0FD66ACE1C60331B00AEBA6A;
			remoteInfo = swiftPrac;
		};
		0FD66AEF1C60331B00AEBA6A /* PBXContainerItemProxy */ = {
			isa = PBXContainerItemProxy;
			containerPortal = 0FD66AC71C60331B00AEBA6A /* Project object */;
			proxyType = 1;
			remoteGlobalIDString = 0FD66ACE1C60331B00AEBA6A;
			remoteInfo = swiftPrac;
		};
/* End PBXContainerItemProxy section */

/* Begin PBXFileReference section */
		0FD66ACF1C60331B00AEBA6A /* swiftPrac.app */ = {isa = PBXFileReference; explicitFileType = wrapper.application; includeInIndex = 0; path = swiftPrac.app; sourceTree = BUILT_PRODUCTS_DIR; };
		0FD66AD21C60331B00AEBA6A /* AppDelegate.swift */ = {isa = PBXFileReference; lastKnownFileType = sourcecode.swift; path = AppDelegate.swift; sourceTree = "<group>"; };
		0FD66AD41C60331B00AEBA6A /* ViewController.swift */ = {isa = PBXFileReference; lastKnownFileType = sourcecode.swift; path = ViewController.swift; sourceTree = "<group>"; };
		0FD66AD71C60331B00AEBA6A /* Base */ = {isa = PBXFileReference; lastKnownFileType = file.storyboard; name = Base; path = Base.lproj/Main.storyboard; sourceTree = "<group>"; };
		0FD66AD91C60331B00AEBA6A /* Assets.xcassets */ = {isa = PBXFileReference; lastKnownFileType = folder.assetcatalog; path = Assets.xcassets; sourceTree = "<group>"; };
		0FD66ADC1C60331B00AEBA6A /* Base */ = {isa = PBXFileReference; lastKnownFileType = file.storyboard; name = Base; path = Base.lproj/LaunchScreen.storyboard; sourceTree = "<group>"; };
		0FD66ADE1C60331B00AEBA6A /* Info.plist */ = {isa = PBXFileReference; lastKnownFileType = text.plist.xml; path = Info.plist; sourceTree = "<group>"; };
		0FD66AE31C60331B00AEBA6A /* swiftPracTests.xctest */ = {isa = PBXFileReference; explicitFileType = wrapper.cfbundle; includeInIndex = 0; path = swiftPracTests.xctest; sourceTree = BUILT_PRODUCTS_DIR; };
		0FD66AE71C60331B00AEBA6A /* swiftPracTests.swift */ = {isa = PBXFileReference; lastKnownFileType = sourcecode.swift; path = swiftPracTests.swift; sourceTree = "<group>"; };
		0FD66AE91C60331B00AEBA6A /* Info.plist */ = {isa = PBXFileReference; lastKnownFileType = text.plist.xml; path = Info.plist; sourceTree = "<group>"; };
		0FD66AEE1C60331B00AEBA6A /* swiftPracUITests.xctest */ = {isa = PBXFileReference; explicitFileType = wrapper.cfbundle; includeInIndex = 0; path = swiftPracUITests.xctest; sourceTree = BUILT_PRODUCTS_DIR; };
		0FD66AF21C60331B00AEBA6A /* swiftPracUITests.swift */ = {isa = PBXFileReference; lastKnownFileType = sourcecode.swift; path = swiftPracUITests.swift; sourceTree = "<group>"; };
		0FD66AF41C60331B00AEBA6A /* Info.plist */ = {isa = PBXFileReference; lastKnownFileType = text.plist.xml; path = Info.plist; sourceTree = "<group>"; };
		0FD66B001C60336D00AEBA6A /* helloWorld.swift */ = {isa = PBXFileReference; fileEncoding = 4; lastKnownFileType = sourcecode.swift; path = helloWorld.swift; sourceTree = "<group>"; };
/* End PBXFileReference section */

/* Begin PBXFrameworksBuildPhase section */
		0FD66ACC1C60331B00AEBA6A /* Frameworks */ = {
			isa = PBXFrameworksBuildPhase;
			buildActionMask = 2147483647;
			files = (
			);
			runOnlyForDeploymentPostprocessing = 0;
		};
		0FD66AE01C60331B00AEBA6A /* Frameworks */ = {
			isa = PBXFrameworksBuildPhase;
			buildActionMask = 2147483647;
			files = (
			);
			runOnlyForDeploymentPostprocessing = 0;
		};
		0FD66AEB1C60331B00AEBA6A /* Frameworks */ = {
			isa = PBXFrameworksBuildPhase;
			buildActionMask = 2147483647;
			files = (
			);
			runOnlyForDeploymentPostprocessing = 0;
		};
/* End PBXFrameworksBuildPhase section */

/* Begin PBXGroup section */
		0FD66AC61C60331B00AEBA6A = {
			isa = PBXGroup;
			children = (
				0FD66AD11C60331B00AEBA6A /* swiftPrac */,
				0FD66AE61C60331B00AEBA6A /* swiftPracTests */,
				0FD66AF11C60331B00AEBA6A /* swiftPracUITests */,
				0FD66AD01C60331B00AEBA6A /* Products */,
			);
			sourceTree = "<group>";
		};
		0FD66AD01C60331B00AEBA6A /* Products */ = {
			isa = PBXGroup;
			children = (
				0FD66ACF1C60331B00AEBA6A /* swiftPrac.app */,
				0FD66AE31C60331B00AEBA6A /* swiftPracTests.xctest */,
				0FD66AEE1C60331B00AEBA6A /* swiftPracUITests.xctest */,
			);
			name = Products;
			sourceTree = "<group>";
		};
		0FD66AD11C60331B00AEBA6A /* swiftPrac */ = {
			isa = PBXGroup;
			children = (
				0FD66AD21C60331B00AEBA6A /* AppDelegate.swift */,
				0FD66AD41C60331B00AEBA6A /* ViewController.swift */,
				0FD66AD61C60331B00AEBA6A /* Main.storyboard */,
				0FD66AD91C60331B00AEBA6A /* Assets.xcassets */,
				0FD66ADB1C60331B00AEBA6A /* LaunchScreen.storyboard */,
				0FD66ADE1C60331B00AEBA6A /* Info.plist */,
				0FD66B001C60336D00AEBA6A /* helloWorld.swift */,
			);
			path = swiftPrac;
			sourceTree = "<group>";
		};
		0FD66AE61C60331B00AEBA6A /* swiftPracTests */ = {
			isa = PBXGroup;
			children = (
				0FD66AE71C60331B00AEBA6A /* swiftPracTests.swift */,
				0FD66AE91C60331B00AEBA6A /* Info.plist */,
			);
			path = swiftPracTests;
			sourceTree = "<group>";
		};
		0FD66AF11C60331B00AEBA6A /* swiftPracUITests */ = {
			isa = PBXGroup;
			children = (
				0FD66AF21C60331B00AEBA6A /* swiftPracUITests.swift */,
				0FD66AF41C60331B00AEBA6A /* Info.plist */,
			);
			path = swiftPracUITests;
			sourceTree = "<group>";
		};
/* End PBXGroup section */

/* Begin PBXNativeTarget section */
		0FD66ACE1C60331B00AEBA6A /* swiftPrac */ = {
			isa = PBXNativeTarget;
			buildConfigurationList = 0FD66AF71C60331B00AEBA6A /* Build configuration list for PBXNativeTarget "swiftPrac" */;
			buildPhases = (
				0FD66ACB1C60331B00AEBA6A /* Sources */,
				0FD66ACC1C60331B00AEBA6A /* Frameworks */,
				0FD66ACD1C60331B00AEBA6A /* Resources */,
			);
			buildRules = (
			);
			dependencies = (
			);
			name = swiftPrac;
			productName = swiftPrac;
			productReference = 0FD66ACF1C60331B00AEBA6A /* swiftPrac.app */;
			productType = "com.apple.product-type.application";
		};
		0FD66AE21C60331B00AEBA6A /* swiftPracTests */ = {
			isa = PBXNativeTarget;
			buildConfigurationList = 0FD66AFA1C60331B00AEBA6A /* Build configuration list for PBXNativeTarget "swiftPracTests" */;
			buildPhases = (
				0FD66ADF1C60331B00AEBA6A /* Sources */,
				0FD66AE01C60331B00AEBA6A /* Frameworks */,
				0FD66AE11C60331B00AEBA6A /* Resources */,
			);
			buildRules = (
			);
			dependencies = (
				0FD66AE51C60331B00AEBA6A /* PBXTargetDependency */,
			);
			name = swiftPracTests;
			productName = swiftPracTests;
			productReference = 0FD66AE31C60331B00AEBA6A /* swiftPracTests.xctest */;
			productType = "com.apple.product-type.bundle.unit-test";
		};
		0FD66AED1C60331B00AEBA6A /* swiftPracUITests */ = {
			isa = PBXNativeTarget;
			buildConfigurationList = 0FD66AFD1C60331B00AEBA6A /* Build configuration list for PBXNativeTarget "swiftPracUITests" */;
			buildPhases = (
				0FD66AEA1C60331B00AEBA6A /* Sources */,
				0FD66AEB1C60331B00AEBA6A /* Frameworks */,
				0FD66AEC1C60331B00AEBA6A /* Resources */,
			);
			buildRules = (
			);
			dependencies = (
				0FD66AF01C60331B00AEBA6A /* PBXTargetDependency */,
			);
			name = swiftPracUITests;
			productName = swiftPracUITests;
			productReference = 0FD66AEE1C60331B00AEBA6A /* swiftPracUITests.xctest */;
			productType = "com.apple.product-type.bundle.ui-testing";
		};
/* End PBXNativeTarget section */

/* Begin PBXProject section */
		0FD66AC71C60331B00AEBA6A /* Project object */ = {
			isa = PBXProject;
			attributes = {
				LastSwiftUpdateCheck = 0720;
				LastUpgradeCheck = 0720;
				TargetAttributes = {
					0FD66ACE1C60331B00AEBA6A = {
						CreatedOnToolsVersion = 7.2;
					};
					0FD66AE21C60331B00AEBA6A = {
						CreatedOnToolsVersion = 7.2;
						TestTargetID = 0FD66ACE1C60331B00AEBA6A;
					};
					0FD66AED1C60331B00AEBA6A = {
						CreatedOnToolsVersion = 7.2;
						TestTargetID = 0FD66ACE1C60331B00AEBA6A;
					};
				};
			};
			buildConfigurationList = 0FD66ACA1C60331B00AEBA6A /* Build configuration list for PBXProject "swiftPrac" */;
			compatibilityVersion = "Xcode 3.2";
			developmentRegion = English;
			hasScannedForEncodings = 0;
			knownRegions = (
				en,
				Base,
			);
			mainGroup = 0FD66AC61C60331B00AEBA6A;
			productRefGroup = 0FD66AD01C60331B00AEBA6A /* Products */;
			projectDirPath = "";
			projectRoot = "";
			targets = (
				0FD66ACE1C60331B00AEBA6A /* swiftPrac */,
				0FD66AE21C60331B00AEBA6A /* swiftPracTests */,
				0FD66AED1C60331B00AEBA6A /* swiftPracUITests */,
			);
		};
/* End PBXProject section */

/* Begin PBXResourcesBuildPhase section */
		0FD66ACD1C60331B00AEBA6A /* Resources */ = {
			isa = PBXResourcesBuildPhase;
			buildActionMask = 2147483647;
			files = (
				0FD66ADD1C60331B00AEBA6A /* LaunchScreen.storyboard in Resources */,
				0FD66ADA1C60331B00AEBA6A /* Assets.xcassets in Resources */,
				0FD66AD81C60331B00AEBA6A /* Main.storyboard in Resources */,
			);
			runOnlyForDeploymentPostprocessing = 0;
		};
		0FD66AE11C60331B00AEBA6A /* Resources */ = {
			isa = PBXResourcesBuildPhase;
			buildActionMask = 2147483647;
			files = (
			);
			runOnlyForDeploymentPostprocessing = 0;
		};
		0FD66AEC1C60331B00AEBA6A /* Resources */ = {
			isa = PBXResourcesBuildPhase;
			buildActionMask = 2147483647;
			files = (
			);
			runOnlyForDeploymentPostprocessing = 0;
		};
/* End PBXResourcesBuildPhase section */

/* Begin PBXSourcesBuildPhase section */
		0FD66ACB1C60331B00AEBA6A /* Sources */ = {
			isa = PBXSourcesBuildPhase;
			buildActionMask = 2147483647;
			files = (
				0FD66AD51C60331B00AEBA6A /* ViewController.swift in Sources */,
				0FD66AD31C60331B00AEBA6A /* AppDelegate.swift in Sources */,
				0FD66B011C60336D00AEBA6A /* helloWorld.swift in Sources */,
			);
			runOnlyForDeploymentPostprocessing = 0;
		};
		0FD66ADF1C60331B00AEBA6A /* Sources */ = {
			isa = PBXSourcesBuildPhase;
			buildActionMask = 2147483647;
			files = (
				0FD66AE81C60331B00AEBA6A /* swiftPracTests.swift in Sources */,
			);
			runOnlyForDeploymentPostprocessing = 0;
		};
		0FD66AEA1C60331B00AEBA6A /* Sources */ = {
			isa = PBXSourcesBuildPhase;
			buildActionMask = 2147483647;
			files = (
				0FD66AF31C60331B00AEBA6A /* swiftPracUITests.swift in Sources */,
			);
			runOnlyForDeploymentPostprocessing = 0;
		};
/* End PBXSourcesBuildPhase section */

/* Begin PBXTargetDependency section */
		0FD66AE51C60331B00AEBA6A /* PBXTargetDependency */ = {
			isa = PBXTargetDependency;
			target = 0FD66ACE1C60331B00AEBA6A /* swiftPrac */;
			targetProxy = 0FD66AE41C60331B00AEBA6A /* PBXContainerItemProxy */;
		};
		0FD66AF01C60331B00AEBA6A /* PBXTargetDependency */ = {
			isa = PBXTargetDependency;
			target = 0FD66ACE1C60331B00AEBA6A /* swiftPrac */;
			targetProxy = 0FD66AEF1C60331B00AEBA6A /* PBXContainerItemProxy */;
		};
/* End PBXTargetDependency section */

/* Begin PBXVariantGroup section */
		0FD66AD61C60331B00AEBA6A /* Main.storyboard */ = {
			isa = PBXVariantGroup;
			children = (
				0FD66AD71C60331B00AEBA6A /* Base */,
			);
			name = Main.storyboard;
			sourceTree = "<group>";
		};
		0FD66ADB1C60331B00AEBA6A /* LaunchScreen.storyboard */ = {
			isa = PBXVariantGroup;
			children = (
				0FD66ADC1C60331B00AEBA6A /* Base */,
			);
			name = LaunchScreen.storyboard;
			sourceTree = "<group>";
		};
/* End PBXVariantGroup section */

/* Begin XCBuildConfiguration section */
		0FD66AF51C60331B00AEBA6A /* Debug */ = {
			isa = XCBuildConfiguration;
			buildSettings = {
				ALWAYS_SEARCH_USER_PATHS = NO;
				CLANG_CXX_LANGUAGE_STANDARD = "gnu++0x";
				CLANG_CXX_LIBRARY = "libc++";
				CLANG_ENABLE_MODULES = YES;
				CLANG_ENABLE_OBJC_ARC = YES;
				CLANG_WARN_BOOL_CONVERSION = YES;
				CLANG_WARN_CONSTANT_CONVERSION = YES;
				CLANG_WARN_DIRECT_OBJC_ISA_USAGE = YES_ERROR;
				CLANG_WARN_EMPTY_BODY = YES;
				CLANG_WARN_ENUM_CONVERSION = YES;
				CLANG_WARN_INT_CONVERSION = YES;
				CLANG_WARN_OBJC_ROOT_CLASS = YES_ERROR;
				CLANG_WARN_UNREACHABLE_CODE = YES;
				CLANG_WARN__DUPLICATE_METHOD_MATCH = YES;
				"CODE_SIGN_IDENTITY[sdk=iphoneos*]" = "iPhone Developer";
				COPY_PHASE_STRIP = NO;
				DEBUG_INFORMATION_FORMAT = dwarf;
				ENABLE_STRICT_OBJC_MSGSEND = YES;
				ENABLE_TESTABILITY = YES;
				GCC_C_LANGUAGE_STANDARD = gnu99;
				GCC_DYNAMIC_NO_PIC = NO;
				GCC_NO_COMMON_BLOCKS = YES;
				GCC_OPTIMIZATION_LEVEL = 0;
				GCC_PREPROCESSOR_DEFINITIONS = (
					"DEBUG=1",
					"$(inherited)",
				);
				GCC_WARN_64_TO_32_BIT_CONVERSION = YES;
				GCC_WARN_ABOUT_RETURN_TYPE = YES_ERROR;
				GCC_WARN_UNDECLARED_SELECTOR = YES;
				GCC_WARN_UNINITIALIZED_AUTOS = YES_AGGRESSIVE;
				GCC_WARN_UNUSED_FUNCTION = YES;
				GCC_WARN_UNUSED_VARIABLE = YES;
				IPHONEOS_DEPLOYMENT_TARGET = 9.2;
				MTL_ENABLE_DEBUG_INFO = YES;
				ONLY_ACTIVE_ARCH = YES;
				SDKROOT = iphoneos;
				SWIFT_OPTIMIZATION_LEVEL = "-Onone";
			};
			name = Debug;
		};
		0FD66AF61C60331B00AEBA6A /* Release */ = {
			isa = XCBuildConfiguration;
			buildSettings = {
				ALWAYS_SEARCH_USER_PATHS = NO;
				CLANG_CXX_LANGUAGE_STANDARD = "gnu++0x";
				CLANG_CXX_LIBRARY = "libc++";
				CLANG_ENABLE_MODULES = YES;
				CLANG_ENABLE_OBJC_ARC = YES;
				CLANG_WARN_BOOL_CONVERSION = YES;
				CLANG_WARN_CONSTANT_CONVERSION = YES;
				CLANG_WARN_DIRECT_OBJC_ISA_USAGE = YES_ERROR;
				CLANG_WARN_EMPTY_BODY = YES;
				CLANG_WARN_ENUM_CONVERSION = YES;
				CLANG_WARN_INT_CONVERSION = YES;
				CLANG_WARN_OBJC_ROOT_CLASS = YES_ERROR;
				CLANG_WARN_UNREACHABLE_CODE = YES;
				CLANG_WARN__DUPLICATE_METHOD_MATCH = YES;
				"CODE_SIGN_IDENTITY[sdk=iphoneos*]" = "iPhone Developer";
				COPY_PHASE_STRIP = NO;
				DEBUG_INFORMATION_FORMAT = "dwarf-with-dsym";
				ENABLE_NS_ASSERTIONS = NO;
				ENABLE_STRICT_OBJC_MSGSEND = YES;
				GCC_C_LANGUAGE_STANDARD = gnu99;
				GCC_NO_COMMON_BLOCKS = YES;
				GCC_WARN_64_TO_32_BIT_CONVERSION = YES;
				GCC_WARN_ABOUT_RETURN_TYPE = YES_ERROR;
				GCC_WARN_UNDECLARED_SELECTOR = YES;
				GCC_WARN_UNINITIALIZED_AUTOS = YES_AGGRESSIVE;
				GCC_WARN_UNUSED_FUNCTION = YES;
				GCC_WARN_UNUSED_VARIABLE = YES;
				IPHONEOS_DEPLOYMENT_TARGET = 9.2;
				MTL_ENABLE_DEBUG_INFO = NO;
				SDKROOT = iphoneos;
				VALIDATE_PRODUCT = YES;
			};
			name = Release;
		};
		0FD66AF81C60331B00AEBA6A /* Debug */ = {
			isa = XCBuildConfiguration;
			buildSettings = {
				ASSETCATALOG_COMPILER_APPICON_NAME = AppIcon;
				INFOPLIST_FILE = swiftPrac/Info.plist;
				LD_RUNPATH_SEARCH_PATHS = "$(inherited) @executable_path/Frameworks";
				PRODUCT_BUNDLE_IDENTIFIER = kr.ac.ajou.swiftPrac;
				PRODUCT_NAME = "$(TARGET_NAME)";
			};
			name = Debug;
		};
		0FD66AF91C60331B00AEBA6A /* Release */ = {
			isa = XCBuildConfiguration;
			buildSettings = {
				ASSETCATALOG_COMPILER_APPICON_NAME = AppIcon;
				INFOPLIST_FILE = swiftPrac/Info.plist;
				LD_RUNPATH_SEARCH_PATHS = "$(inherited) @executable_path/Frameworks";
				PRODUCT_BUNDLE_IDENTIFIER = kr.ac.ajou.swiftPrac;
				PRODUCT_NAME = "$(TARGET_NAME)";
			};
			name = Release;
		};
		0FD66AFB1C60331B00AEBA6A /* Debug */ = {
			isa = XCBuildConfiguration;
			buildSettings = {
				BUNDLE_LOADER = "$(TEST_HOST)";
				INFOPLIST_FILE = swiftPracTests/Info.plist;
				LD_RUNPATH_SEARCH_PATHS = "$(inherited) @executable_path/Frameworks @loader_path/Frameworks";
				PRODUCT_BUNDLE_IDENTIFIER = kr.ac.ajou.swiftPracTests;
				PRODUCT_NAME = "$(TARGET_NAME)";
				TEST_HOST = "$(BUILT_PRODUCTS_DIR)/swiftPrac.app/swiftPrac";
			};
			name = Debug;
		};
		0FD66AFC1C60331B00AEBA6A /* Release */ = {
			isa = XCBuildConfiguration;
			buildSettings = {
				BUNDLE_LOADER = "$(TEST_HOST)";
				INFOPLIST_FILE = swiftPracTests/Info.plist;
				LD_RUNPATH_SEARCH_PATHS = "$(inherited) @executable_path/Frameworks @loader_path/Frameworks";
				PRODUCT_BUNDLE_IDENTIFIER = kr.ac.ajou.swiftPracTests;
				PRODUCT_NAME = "$(TARGET_NAME)";
				TEST_HOST = "$(BUILT_PRODUCTS_DIR)/swiftPrac.app/swiftPrac";
			};
			name = Release;
		};
		0FD66AFE1C60331B00AEBA6A /* Debug */ = {
			isa = XCBuildConfiguration;
			buildSettings = {
				INFOPLIST_FILE = swiftPracUITests/Info.plist;
				LD_RUNPATH_SEARCH_PATHS = "$(inherited) @executable_path/Frameworks @loader_path/Frameworks";
				PRODUCT_BUNDLE_IDENTIFIER = kr.ac.ajou.swiftPracUITests;
				PRODUCT_NAME = "$(TARGET_NAME)";
				TEST_TARGET_NAME = swiftPrac;
				USES_XCTRUNNER = YES;
			};
			name = Debug;
		};
		0FD66AFF1C60331B00AEBA6A /* Release */ = {
			isa = XCBuildConfiguration;
			buildSettings = {
				INFOPLIST_FILE = swiftPracUITests/Info.plist;
				LD_RUNPATH_SEARCH_PATHS = "$(inherited) @executable_path/Frameworks @loader_path/Frameworks";
				PRODUCT_BUNDLE_IDENTIFIER = kr.ac.ajou.swiftPracUITests;
				PRODUCT_NAME = "$(TARGET_NAME)";
				TEST_TARGET_NAME = swiftPrac;
				USES_XCTRUNNER = YES;
			};
			name = Release;
		};
/* End XCBuildConfiguration section */

/* Begin XCConfigurationList section */
		0FD66ACA1C60331B00AEBA6A /* Build configuration list for PBXProject "swiftPrac" */ = {
			isa = XCConfigurationList;
			buildConfigurations = (
				0FD66AF51C60331B00AEBA6A /* Debug */,
				0FD66AF61C60331B00AEBA6A /* Release */,
			);
			defaultConfigurationIsVisible = 0;
			defaultConfigurationName = Release;
		};
		0FD66AF71C60331B00AEBA6A /* Build configuration list for PBXNativeTarget "swiftPrac" */ = {
			isa = XCConfigurationList;
			buildConfigurations = (
				0FD66AF81C60331B00AEBA6A /* Debug */,
				0FD66AF91C60331B00AEBA6A /* Release */,
			);
			defaultConfigurationIsVisible = 0;
		};
		0FD66AFA1C60331B00AEBA6A /* Build configuration list for PBXNativeTarget "swiftPracTests" */ = {
			isa = XCConfigurationList;
			buildConfigurations = (
				0FD66AFB1C60331B00AEBA6A /* Debug */,
				0FD66AFC1C60331B00AEBA6A /* Release */,
			);
			defaultConfigurationIsVisible = 0;
		};
		0FD66AFD1C60331B00AEBA6A /* Build configuration list for PBXNativeTarget "swiftPracUITests" */ = {
			isa = XCConfigurationList;
			buildConfigurations = (
				0FD66AFE1C60331B00AEBA6A /* Debug */,
				0FD66AFF1C60331B00AEBA6A /* Release */,
			);
			defaultConfigurationIsVisible = 0;
		};
/* End XCConfigurationList section */
	};
	rootObject = 0FD66AC71C60331B00AEBA6A /* Project object */;
}
